
Microsoft Visual Studio Solution File, Format Version 12.00
# Visual Studio 15
VisualStudioVersion = 15.0.27703.2035
MinimumVisualStudioVersion = 10.0.40219.1
Project("{FAE04EC0-301F-11D3-BF4B-00C04F79EFBC}") = "MailboxClient", "MailboxClient\MailboxClient.csproj", "{A8702ABA-C2F8-454C-91A4-CB45844D7953}"
EndProject
Global
	GlobalSection(SolutionConfigurationPlatforms) = preSolution
		Debug|Any CPU = Debug|Any CPU
		Release|Any CPU = Release|Any CPU
	EndGlobalSection
	GlobalSection(ProjectConfigurationPlatforms) = postSolution
		{A8702ABA-C2F8-454C-91A4-CB45844D7953}.Debug|Any CPU.ActiveCfg = Debug|Any CPU
		{A8702ABA-C2F8-454C-91A4-CB45844D7953}.Debug|Any CPU.Build.0 = Debug|Any CPU
		{A8702ABA-C2F8-454C-91A4-CB45844D7953}.Release|Any CPU.ActiveCfg = Release|Any CPU
		{A8702ABA-C2F8-454C-91A4-CB45844D7953}.Release|Any CPU.Build.0 = Release|Any CPU
	EndGlobalSection
	GlobalSection(SolutionProperties) = preSolution
		HideSolutionNode = FALSE
	EndGlobalSection
	GlobalSection(ExtensibilityGlobals) = postSolution
		SolutionGuid = {3C7302BA-9831-41D6-858A-92EA7E118CFF}
	EndGlobalSection
EndGlobal
